
Microsoft Visual Studio Solution File, Format Version 12.00
# Visual Studio Version 17
VisualStudioVersion = 17.9.34701.34
MinimumVisualStudioVersion = 10.0.40219.1
Project("{FAE04EC0-301F-11D3-BF4B-00C04F79EFBC}") = "PokerStatBoard", "PokerStatBoard.csproj", "{53506688-F49D-4ED2-9DC9-BD0B722ECE93}"
EndProject
Global
	GlobalSection(SolutionConfigurationPlatforms) = preSolution
		Debug|Any CPU = Debug|Any CPU
		Release|Any CPU = Release|Any CPU
	EndGlobalSection
	GlobalSection(ProjectConfigurationPlatforms) = postSolution
		{53506688-F49D-4ED2-9DC9-BD0B722ECE93}.Debug|Any CPU.ActiveCfg = Debug|Any CPU
		{53506688-F49D-4ED2-9DC9-BD0B722ECE93}.Debug|Any CPU.Build.0 = Debug|Any CPU
		{53506688-F49D-4ED2-9DC9-BD0B722ECE93}.Release|Any CPU.ActiveCfg = Release|Any CPU
		{53506688-F49D-4ED2-9DC9-BD0B722ECE93}.Release|Any CPU.Build.0 = Release|Any CPU
	EndGlobalSection
	GlobalSection(SolutionProperties) = preSolution
		HideSolutionNode = FALSE
	EndGlobalSection
	GlobalSection(ExtensibilityGlobals) = postSolution
		SolutionGuid = {76AA033C-9017-4E9E-9754-E80D2730DEDC}
	EndGlobalSection
EndGlobal
